
Microsoft Visual Studio Solution File, Format Version 12.00
# Visual Studio 15
VisualStudioVersion = 15.0.27130.2024
MinimumVisualStudioVersion = 10.0.40219.1
Project("{FAE04EC0-301F-11D3-BF4B-00C04F79EFBC}") = "LearningDotNet", "LearningDotNet\LearningDotNet.csproj", "{5D05A675-942D-4543-AD01-11C5EE370E8B}"
EndProject
Project("{F2A71F9B-5D33-465A-A702-920D77279786}") = "TestFSharp", "TestFSharp\TestFSharp.fsproj", "{125E12B4-14A2-42D7-B7C4-6F9AF96920A7}"
EndProject
Project("{FAE04EC0-301F-11D3-BF4B-00C04F79EFBC}") = "TestLog4Net", "TestLog4Net\TestLog4Net.csproj", "{DF8377C0-056C-4D1A-8AB5-D3952D3B98F9}"
EndProject
Project("{FAE04EC0-301F-11D3-BF4B-00C04F79EFBC}") = "TestAsync", "TestAsync\TestAsync.csproj", "{C46FABAC-BAB8-4B24-8AB9-36FC2A15B797}"
EndProject
Project("{F2A71F9B-5D33-465A-A702-920D77279786}") = "FSharpTutorial", "FSharpTutorial\FSharpTutorial.fsproj", "{0E1C85E6-CE49-4615-AD4C-97C7CF22FCF6}"
EndProject
Project("{6EC3EE1D-3C4E-46DD-8F32-0CC8E7565705}") = "TestFSharp2", "TestFSharp2\TestFSharp2.fsproj", "{DAC61390-28C8-4E6B-8A61-00EA58EE44C3}"
EndProject
Project("{FAE04EC0-301F-11D3-BF4B-00C04F79EFBC}") = "TestInjectionMain", "TestInjectionMain\TestInjectionMain.csproj", "{3B24A825-EB59-4784-BFC1-10FEF43BADAF}"
EndProject
Project("{FAE04EC0-301F-11D3-BF4B-00C04F79EFBC}") = "TestInjectionLib_CSharp", "TestInjectionLib_CSharp\TestInjectionLib_CSharp.csproj", "{D49DE68B-5FCA-423A-ACD0-9BA2F4491662}"
EndProject
Project("{F2A71F9B-5D33-465A-A702-920D77279786}") = "TestInjectionLib_FSharp", "TestInjectionLib_FSharp\TestInjectionLib_FSharp.fsproj", "{3ED4475C-647A-4D7D-B88E-0A9915D8072D}"
EndProject
Project("{9A19103F-16F7-4668-BE54-9A1E7A4F7556}") = "AzureWebApp1", "AzureWebApp1\AzureWebApp1.csproj", "{3589CFF9-787F-4EBD-A7D4-51FDC1981AFB}"
EndProject
Project("{FAE04EC0-301F-11D3-BF4B-00C04F79EFBC}") = "TestAutoFixture", "TestAutoFixture\TestAutoFixture.csproj", "{BC2F7C3B-D126-4331-8914-0435B6D47F99}"
EndProject
Project("{FAE04EC0-301F-11D3-BF4B-00C04F79EFBC}") = "VersionsCounter", "VersionsCounter\VersionsCounter.csproj", "{0A86509C-39F6-4701-B837-735590DE679C}"
EndProject
Project("{FAE04EC0-301F-11D3-BF4B-00C04F79EFBC}") = "AzureWebApp2", "AzureWebApp2\AzureWebApp2.csproj", "{C32B463F-9BAF-4260-898F-80647419915D}"
EndProject
Global
	GlobalSection(SolutionConfigurationPlatforms) = preSolution
		Debug|Any CPU = Debug|Any CPU
		Debug|ARM = Debug|ARM
		Debug|x64 = Debug|x64
		Debug|x86 = Debug|x86
		Release|Any CPU = Release|Any CPU
		Release|ARM = Release|ARM
		Release|x64 = Release|x64
		Release|x86 = Release|x86
	EndGlobalSection
	GlobalSection(ProjectConfigurationPlatforms) = postSolution
		{5D05A675-942D-4543-AD01-11C5EE370E8B}.Debug|Any CPU.ActiveCfg = Debug|Any CPU
		{5D05A675-942D-4543-AD01-11C5EE370E8B}.Debug|Any CPU.Build.0 = Debug|Any CPU
		{5D05A675-942D-4543-AD01-11C5EE370E8B}.Debug|ARM.ActiveCfg = Debug|Any CPU
		{5D05A675-942D-4543-AD01-11C5EE370E8B}.Debug|ARM.Build.0 = Debug|Any CPU
		{5D05A675-942D-4543-AD01-11C5EE370E8B}.Debug|x64.ActiveCfg = Debug|Any CPU
		{5D05A675-942D-4543-AD01-11C5EE370E8B}.Debug|x64.Build.0 = Debug|Any CPU
		{5D05A675-942D-4543-AD01-11C5EE370E8B}.Debug|x86.ActiveCfg = Debug|Any CPU
		{5D05A675-942D-4543-AD01-11C5EE370E8B}.Debug|x86.Build.0 = Debug|Any CPU
		{5D05A675-942D-4543-AD01-11C5EE370E8B}.Release|Any CPU.ActiveCfg = Release|Any CPU
		{5D05A675-942D-4543-AD01-11C5EE370E8B}.Release|Any CPU.Build.0 = Release|Any CPU
		{5D05A675-942D-4543-AD01-11C5EE370E8B}.Release|ARM.ActiveCfg = Release|Any CPU
		{5D05A675-942D-4543-AD01-11C5EE370E8B}.Release|ARM.Build.0 = Release|Any CPU
		{5D05A675-942D-4543-AD01-11C5EE370E8B}.Release|x64.ActiveCfg = Release|Any CPU
		{5D05A675-942D-4543-AD01-11C5EE370E8B}.Release|x64.Build.0 = Release|Any CPU
		{5D05A675-942D-4543-AD01-11C5EE370E8B}.Release|x86.ActiveCfg = Release|Any CPU
		{5D05A675-942D-4543-AD01-11C5EE370E8B}.Release|x86.Build.0 = Release|Any CPU
		{125E12B4-14A2-42D7-B7C4-6F9AF96920A7}.Debug|Any CPU.ActiveCfg = Debug|Any CPU
		{125E12B4-14A2-42D7-B7C4-6F9AF96920A7}.Debug|Any CPU.Build.0 = Debug|Any CPU
		{125E12B4-14A2-42D7-B7C4-6F9AF96920A7}.Debug|ARM.ActiveCfg = Debug|Any CPU
		{125E12B4-14A2-42D7-B7C4-6F9AF96920A7}.Debug|ARM.Build.0 = Debug|Any CPU
		{125E12B4-14A2-42D7-B7C4-6F9AF96920A7}.Debug|x64.ActiveCfg = Debug|Any CPU
		{125E12B4-14A2-42D7-B7C4-6F9AF96920A7}.Debug|x64.Build.0 = Debug|Any CPU
		{125E12B4-14A2-42D7-B7C4-6F9AF96920A7}.Debug|x86.ActiveCfg = Debug|Any CPU
		{125E12B4-14A2-42D7-B7C4-6F9AF96920A7}.Debug|x86.Build.0 = Debug|Any CPU
		{125E12B4-14A2-42D7-B7C4-6F9AF96920A7}.Release|Any CPU.ActiveCfg = Release|Any CPU
		{125E12B4-14A2-42D7-B7C4-6F9AF96920A7}.Release|Any CPU.Build.0 = Release|Any CPU
		{125E12B4-14A2-42D7-B7C4-6F9AF96920A7}.Release|ARM.ActiveCfg = Release|Any CPU
		{125E12B4-14A2-42D7-B7C4-6F9AF96920A7}.Release|ARM.Build.0 = Release|Any CPU
		{125E12B4-14A2-42D7-B7C4-6F9AF96920A7}.Release|x64.ActiveCfg = Release|Any CPU
		{125E12B4-14A2-42D7-B7C4-6F9AF96920A7}.Release|x64.Build.0 = Release|Any CPU
		{125E12B4-14A2-42D7-B7C4-6F9AF96920A7}.Release|x86.ActiveCfg = Release|Any CPU
		{125E12B4-14A2-42D7-B7C4-6F9AF96920A7}.Release|x86.Build.0 = Release|Any CPU
		{DF8377C0-056C-4D1A-8AB5-D3952D3B98F9}.Debug|Any CPU.ActiveCfg = Debug|Any CPU
		{DF8377C0-056C-4D1A-8AB5-D3952D3B98F9}.Debug|Any CPU.Build.0 = Debug|Any CPU
		{DF8377C0-056C-4D1A-8AB5-D3952D3B98F9}.Debug|ARM.ActiveCfg = Debug|Any CPU
		{DF8377C0-056C-4D1A-8AB5-D3952D3B98F9}.Debug|ARM.Build.0 = Debug|Any CPU
		{DF8377C0-056C-4D1A-8AB5-D3952D3B98F9}.Debug|x64.ActiveCfg = Debug|Any CPU
		{DF8377C0-056C-4D1A-8AB5-D3952D3B98F9}.Debug|x64.Build.0 = Debug|Any CPU
		{DF8377C0-056C-4D1A-8AB5-D3952D3B98F9}.Debug|x86.ActiveCfg = Debug|Any CPU
		{DF8377C0-056C-4D1A-8AB5-D3952D3B98F9}.Debug|x86.Build.0 = Debug|Any CPU
		{DF8377C0-056C-4D1A-8AB5-D3952D3B98F9}.Release|Any CPU.ActiveCfg = Release|Any CPU
		{DF8377C0-056C-4D1A-8AB5-D3952D3B98F9}.Release|Any CPU.Build.0 = Release|Any CPU
		{DF8377C0-056C-4D1A-8AB5-D3952D3B98F9}.Release|ARM.ActiveCfg = Release|Any CPU
		{DF8377C0-056C-4D1A-8AB5-D3952D3B98F9}.Release|ARM.Build.0 = Release|Any CPU
		{DF8377C0-056C-4D1A-8AB5-D3952D3B98F9}.Release|x64.ActiveCfg = Release|Any CPU
		{DF8377C0-056C-4D1A-8AB5-D3952D3B98F9}.Release|x64.Build.0 = Release|Any CPU
		{DF8377C0-056C-4D1A-8AB5-D3952D3B98F9}.Release|x86.ActiveCfg = Release|Any CPU
		{DF8377C0-056C-4D1A-8AB5-D3952D3B98F9}.Release|x86.Build.0 = Release|Any CPU
		{C46FABAC-BAB8-4B24-8AB9-36FC2A15B797}.Debug|Any CPU.ActiveCfg = Debug|Any CPU
		{C46FABAC-BAB8-4B24-8AB9-36FC2A15B797}.Debug|Any CPU.Build.0 = Debug|Any CPU
		{C46FABAC-BAB8-4B24-8AB9-36FC2A15B797}.Debug|ARM.ActiveCfg = Debug|Any CPU
		{C46FABAC-BAB8-4B24-8AB9-36FC2A15B797}.Debug|ARM.Build.0 = Debug|Any CPU
		{C46FABAC-BAB8-4B24-8AB9-36FC2A15B797}.Debug|x64.ActiveCfg = Debug|Any CPU
		{C46FABAC-BAB8-4B24-8AB9-36FC2A15B797}.Debug|x64.Build.0 = Debug|Any CPU
		{C46FABAC-BAB8-4B24-8AB9-36FC2A15B797}.Debug|x86.ActiveCfg = Debug|Any CPU
		{C46FABAC-BAB8-4B24-8AB9-36FC2A15B797}.Debug|x86.Build.0 = Debug|Any CPU
		{C46FABAC-BAB8-4B24-8AB9-36FC2A15B797}.Release|Any CPU.ActiveCfg = Release|Any CPU
		{C46FABAC-BAB8-4B24-8AB9-36FC2A15B797}.Release|Any CPU.Build.0 = Release|Any CPU
		{C46FABAC-BAB8-4B24-8AB9-36FC2A15B797}.Release|ARM.ActiveCfg = Release|Any CPU
		{C46FABAC-BAB8-4B24-8AB9-36FC2A15B797}.Release|ARM.Build.0 = Release|Any CPU
		{C46FABAC-BAB8-4B24-8AB9-36FC2A15B797}.Release|x64.ActiveCfg = Release|Any CPU
		{C46FABAC-BAB8-4B24-8AB9-36FC2A15B797}.Release|x64.Build.0 = Release|Any CPU
		{C46FABAC-BAB8-4B24-8AB9-36FC2A15B797}.Release|x86.ActiveCfg = Release|Any CPU
		{C46FABAC-BAB8-4B24-8AB9-36FC2A15B797}.Release|x86.Build.0 = Release|Any CPU
		{0E1C85E6-CE49-4615-AD4C-97C7CF22FCF6}.Debug|Any CPU.ActiveCfg = Debug|Any CPU
		{0E1C85E6-CE49-4615-AD4C-97C7CF22FCF6}.Debug|Any CPU.Build.0 = Debug|Any CPU
		{0E1C85E6-CE49-4615-AD4C-97C7CF22FCF6}.Debug|ARM.ActiveCfg = Debug|Any CPU
		{0E1C85E6-CE49-4615-AD4C-97C7CF22FCF6}.Debug|ARM.Build.0 = Debug|Any CPU
		{0E1C85E6-CE49-4615-AD4C-97C7CF22FCF6}.Debug|x64.ActiveCfg = Debug|Any CPU
		{0E1C85E6-CE49-4615-AD4C-97C7CF22FCF6}.Debug|x64.Build.0 = Debug|Any CPU
		{0E1C85E6-CE49-4615-AD4C-97C7CF22FCF6}.Debug|x86.ActiveCfg = Debug|Any CPU
		{0E1C85E6-CE49-4615-AD4C-97C7CF22FCF6}.Debug|x86.Build.0 = Debug|Any CPU
		{0E1C85E6-CE49-4615-AD4C-97C7CF22FCF6}.Release|Any CPU.ActiveCfg = Release|Any CPU
		{0E1C85E6-CE49-4615-AD4C-97C7CF22FCF6}.Release|Any CPU.Build.0 = Release|Any CPU
		{0E1C85E6-CE49-4615-AD4C-97C7CF22FCF6}.Release|ARM.ActiveCfg = Release|Any CPU
		{0E1C85E6-CE49-4615-AD4C-97C7CF22FCF6}.Release|ARM.Build.0 = Release|Any CPU
		{0E1C85E6-CE49-4615-AD4C-97C7CF22FCF6}.Release|x64.ActiveCfg = Release|Any CPU
		{0E1C85E6-CE49-4615-AD4C-97C7CF22FCF6}.Release|x64.Build.0 = Release|Any CPU
		{0E1C85E6-CE49-4615-AD4C-97C7CF22FCF6}.Release|x86.ActiveCfg = Release|Any CPU
		{0E1C85E6-CE49-4615-AD4C-97C7CF22FCF6}.Release|x86.Build.0 = Release|Any CPU
		{DAC61390-28C8-4E6B-8A61-00EA58EE44C3}.Debug|Any CPU.ActiveCfg = Debug|Any CPU
		{DAC61390-28C8-4E6B-8A61-00EA58EE44C3}.Debug|Any CPU.Build.0 = Debug|Any CPU
		{DAC61390-28C8-4E6B-8A61-00EA58EE44C3}.Debug|ARM.ActiveCfg = Debug|Any CPU
		{DAC61390-28C8-4E6B-8A61-00EA58EE44C3}.Debug|ARM.Build.0 = Debug|Any CPU
		{DAC61390-28C8-4E6B-8A61-00EA58EE44C3}.Debug|x64.ActiveCfg = Debug|Any CPU
		{DAC61390-28C8-4E6B-8A61-00EA58EE44C3}.Debug|x64.Build.0 = Debug|Any CPU
		{DAC61390-28C8-4E6B-8A61-00EA58EE44C3}.Debug|x86.ActiveCfg = Debug|Any CPU
		{DAC61390-28C8-4E6B-8A61-00EA58EE44C3}.Debug|x86.Build.0 = Debug|Any CPU
		{DAC61390-28C8-4E6B-8A61-00EA58EE44C3}.Release|Any CPU.ActiveCfg = Release|Any CPU
		{DAC61390-28C8-4E6B-8A61-00EA58EE44C3}.Release|Any CPU.Build.0 = Release|Any CPU
		{DAC61390-28C8-4E6B-8A61-00EA58EE44C3}.Release|ARM.ActiveCfg = Release|Any CPU
		{DAC61390-28C8-4E6B-8A61-00EA58EE44C3}.Release|ARM.Build.0 = Release|Any CPU
		{DAC61390-28C8-4E6B-8A61-00EA58EE44C3}.Release|x64.ActiveCfg = Release|Any CPU
		{DAC61390-28C8-4E6B-8A61-00EA58EE44C3}.Release|x64.Build.0 = Release|Any CPU
		{DAC61390-28C8-4E6B-8A61-00EA58EE44C3}.Release|x86.ActiveCfg = Release|Any CPU
		{DAC61390-28C8-4E6B-8A61-00EA58EE44C3}.Release|x86.Build.0 = Release|Any CPU
		{3B24A825-EB59-4784-BFC1-10FEF43BADAF}.Debug|Any CPU.ActiveCfg = Debug|Any CPU
		{3B24A825-EB59-4784-BFC1-10FEF43BADAF}.Debug|Any CPU.Build.0 = Debug|Any CPU
		{3B24A825-EB59-4784-BFC1-10FEF43BADAF}.Debug|ARM.ActiveCfg = Debug|Any CPU
		{3B24A825-EB59-4784-BFC1-10FEF43BADAF}.Debug|ARM.Build.0 = Debug|Any CPU
		{3B24A825-EB59-4784-BFC1-10FEF43BADAF}.Debug|x64.ActiveCfg = Debug|Any CPU
		{3B24A825-EB59-4784-BFC1-10FEF43BADAF}.Debug|x64.Build.0 = Debug|Any CPU
		{3B24A825-EB59-4784-BFC1-10FEF43BADAF}.Debug|x86.ActiveCfg = Debug|Any CPU
		{3B24A825-EB59-4784-BFC1-10FEF43BADAF}.Debug|x86.Build.0 = Debug|Any CPU
		{3B24A825-EB59-4784-BFC1-10FEF43BADAF}.Release|Any CPU.ActiveCfg = Release|Any CPU
		{3B24A825-EB59-4784-BFC1-10FEF43BADAF}.Release|Any CPU.Build.0 = Release|Any CPU
		{3B24A825-EB59-4784-BFC1-10FEF43BADAF}.Release|ARM.ActiveCfg = Release|Any CPU
		{3B24A825-EB59-4784-BFC1-10FEF43BADAF}.Release|ARM.Build.0 = Release|Any CPU
		{3B24A825-EB59-4784-BFC1-10FEF43BADAF}.Release|x64.ActiveCfg = Release|Any CPU
		{3B24A825-EB59-4784-BFC1-10FEF43BADAF}.Release|x64.Build.0 = Release|Any CPU
		{3B24A825-EB59-4784-BFC1-10FEF43BADAF}.Release|x86.ActiveCfg = Release|Any CPU
		{3B24A825-EB59-4784-BFC1-10FEF43BADAF}.Release|x86.Build.0 = Release|Any CPU
		{D49DE68B-5FCA-423A-ACD0-9BA2F4491662}.Debug|Any CPU.ActiveCfg = Debug|Any CPU
		{D49DE68B-5FCA-423A-ACD0-9BA2F4491662}.Debug|Any CPU.Build.0 = Debug|Any CPU
		{D49DE68B-5FCA-423A-ACD0-9BA2F4491662}.Debug|ARM.ActiveCfg = Debug|Any CPU
		{D49DE68B-5FCA-423A-ACD0-9BA2F4491662}.Debug|ARM.Build.0 = Debug|Any CPU
		{D49DE68B-5FCA-423A-ACD0-9BA2F4491662}.Debug|x64.ActiveCfg = Debug|Any CPU
		{D49DE68B-5FCA-423A-ACD0-9BA2F4491662}.Debug|x64.Build.0 = Debug|Any CPU
		{D49DE68B-5FCA-423A-ACD0-9BA2F4491662}.Debug|x86.ActiveCfg = Debug|Any CPU
		{D49DE68B-5FCA-423A-ACD0-9BA2F4491662}.Debug|x86.Build.0 = Debug|Any CPU
		{D49DE68B-5FCA-423A-ACD0-9BA2F4491662}.Release|Any CPU.ActiveCfg = Release|Any CPU
		{D49DE68B-5FCA-423A-ACD0-9BA2F4491662}.Release|Any CPU.Build.0 = Release|Any CPU
		{D49DE68B-5FCA-423A-ACD0-9BA2F4491662}.Release|ARM.ActiveCfg = Release|Any CPU
		{D49DE68B-5FCA-423A-ACD0-9BA2F4491662}.Release|ARM.Build.0 = Release|Any CPU
		{D49DE68B-5FCA-423A-ACD0-9BA2F4491662}.Release|x64.ActiveCfg = Release|Any CPU
		{D49DE68B-5FCA-423A-ACD0-9BA2F4491662}.Release|x64.Build.0 = Release|Any CPU
		{D49DE68B-5FCA-423A-ACD0-9BA2F4491662}.Release|x86.ActiveCfg = Release|Any CPU
		{D49DE68B-5FCA-423A-ACD0-9BA2F4491662}.Release|x86.Build.0 = Release|Any CPU
		{3ED4475C-647A-4D7D-B88E-0A9915D8072D}.Debug|Any CPU.ActiveCfg = Debug|Any CPU
		{3ED4475C-647A-4D7D-B88E-0A9915D8072D}.Debug|Any CPU.Build.0 = Debug|Any CPU
		{3ED4475C-647A-4D7D-B88E-0A9915D8072D}.Debug|ARM.ActiveCfg = Debug|Any CPU
		{3ED4475C-647A-4D7D-B88E-0A9915D8072D}.Debug|ARM.Build.0 = Debug|Any CPU
		{3ED4475C-647A-4D7D-B88E-0A9915D8072D}.Debug|x64.ActiveCfg = Debug|Any CPU
		{3ED4475C-647A-4D7D-B88E-0A9915D8072D}.Debug|x64.Build.0 = Debug|Any CPU
		{3ED4475C-647A-4D7D-B88E-0A9915D8072D}.Debug|x86.ActiveCfg = Debug|Any CPU
		{3ED4475C-647A-4D7D-B88E-0A9915D8072D}.Debug|x86.Build.0 = Debug|Any CPU
		{3ED4475C-647A-4D7D-B88E-0A9915D8072D}.Release|Any CPU.ActiveCfg = Release|Any CPU
		{3ED4475C-647A-4D7D-B88E-0A9915D8072D}.Release|Any CPU.Build.0 = Release|Any CPU
		{3ED4475C-647A-4D7D-B88E-0A9915D8072D}.Release|ARM.ActiveCfg = Release|Any CPU
		{3ED4475C-647A-4D7D-B88E-0A9915D8072D}.Release|ARM.Build.0 = Release|Any CPU
		{3ED4475C-647A-4D7D-B88E-0A9915D8072D}.Release|x64.ActiveCfg = Release|Any CPU
		{3ED4475C-647A-4D7D-B88E-0A9915D8072D}.Release|x64.Build.0 = Release|Any CPU
		{3ED4475C-647A-4D7D-B88E-0A9915D8072D}.Release|x86.ActiveCfg = Release|Any CPU
		{3ED4475C-647A-4D7D-B88E-0A9915D8072D}.Release|x86.Build.0 = Release|Any CPU
		{3589CFF9-787F-4EBD-A7D4-51FDC1981AFB}.Debug|Any CPU.ActiveCfg = Debug|Any CPU
		{3589CFF9-787F-4EBD-A7D4-51FDC1981AFB}.Debug|Any CPU.Build.0 = Debug|Any CPU
		{3589CFF9-787F-4EBD-A7D4-51FDC1981AFB}.Debug|ARM.ActiveCfg = Debug|Any CPU
		{3589CFF9-787F-4EBD-A7D4-51FDC1981AFB}.Debug|ARM.Build.0 = Debug|Any CPU
		{3589CFF9-787F-4EBD-A7D4-51FDC1981AFB}.Debug|x64.ActiveCfg = Debug|Any CPU
		{3589CFF9-787F-4EBD-A7D4-51FDC1981AFB}.Debug|x64.Build.0 = Debug|Any CPU
		{3589CFF9-787F-4EBD-A7D4-51FDC1981AFB}.Debug|x86.ActiveCfg = Debug|Any CPU
		{3589CFF9-787F-4EBD-A7D4-51FDC1981AFB}.Debug|x86.Build.0 = Debug|Any CPU
		{3589CFF9-787F-4EBD-A7D4-51FDC1981AFB}.Release|Any CPU.ActiveCfg = Release|Any CPU
		{3589CFF9-787F-4EBD-A7D4-51FDC1981AFB}.Release|Any CPU.Build.0 = Release|Any CPU
		{3589CFF9-787F-4EBD-A7D4-51FDC1981AFB}.Release|ARM.ActiveCfg = Release|Any CPU
		{3589CFF9-787F-4EBD-A7D4-51FDC1981AFB}.Release|ARM.Build.0 = Release|Any CPU
		{3589CFF9-787F-4EBD-A7D4-51FDC1981AFB}.Release|x64.ActiveCfg = Release|Any CPU
		{3589CFF9-787F-4EBD-A7D4-51FDC1981AFB}.Release|x64.Build.0 = Release|Any CPU
		{3589CFF9-787F-4EBD-A7D4-51FDC1981AFB}.Release|x86.ActiveCfg = Release|Any CPU
		{3589CFF9-787F-4EBD-A7D4-51FDC1981AFB}.Release|x86.Build.0 = Release|Any CPU
		{BC2F7C3B-D126-4331-8914-0435B6D47F99}.Debug|Any CPU.ActiveCfg = Debug|Any CPU
		{BC2F7C3B-D126-4331-8914-0435B6D47F99}.Debug|Any CPU.Build.0 = Debug|Any CPU
		{BC2F7C3B-D126-4331-8914-0435B6D47F99}.Debug|ARM.ActiveCfg = Debug|Any CPU
		{BC2F7C3B-D126-4331-8914-0435B6D47F99}.Debug|ARM.Build.0 = Debug|Any CPU
		{BC2F7C3B-D126-4331-8914-0435B6D47F99}.Debug|x64.ActiveCfg = Debug|Any CPU
		{BC2F7C3B-D126-4331-8914-0435B6D47F99}.Debug|x64.Build.0 = Debug|Any CPU
		{BC2F7C3B-D126-4331-8914-0435B6D47F99}.Debug|x86.ActiveCfg = Debug|Any CPU
		{BC2F7C3B-D126-4331-8914-0435B6D47F99}.Debug|x86.Build.0 = Debug|Any CPU
		{BC2F7C3B-D126-4331-8914-0435B6D47F99}.Release|Any CPU.ActiveCfg = Release|Any CPU
		{BC2F7C3B-D126-4331-8914-0435B6D47F99}.Release|Any CPU.Build.0 = Release|Any CPU
		{BC2F7C3B-D126-4331-8914-0435B6D47F99}.Release|ARM.ActiveCfg = Release|Any CPU
		{BC2F7C3B-D126-4331-8914-0435B6D47F99}.Release|ARM.Build.0 = Release|Any CPU
		{BC2F7C3B-D126-4331-8914-0435B6D47F99}.Release|x64.ActiveCfg = Release|Any CPU
		{BC2F7C3B-D126-4331-8914-0435B6D47F99}.Release|x64.Build.0 = Release|Any CPU
		{BC2F7C3B-D126-4331-8914-0435B6D47F99}.Release|x86.ActiveCfg = Release|Any CPU
		{BC2F7C3B-D126-4331-8914-0435B6D47F99}.Release|x86.Build.0 = Release|Any CPU
		{0A86509C-39F6-4701-B837-735590DE679C}.Debug|Any CPU.ActiveCfg = Debug|Any CPU
		{0A86509C-39F6-4701-B837-735590DE679C}.Debug|Any CPU.Build.0 = Debug|Any CPU
		{0A86509C-39F6-4701-B837-735590DE679C}.Debug|ARM.ActiveCfg = Debug|Any CPU
		{0A86509C-39F6-4701-B837-735590DE679C}.Debug|ARM.Build.0 = Debug|Any CPU
		{0A86509C-39F6-4701-B837-735590DE679C}.Debug|x64.ActiveCfg = Debug|Any CPU
		{0A86509C-39F6-4701-B837-735590DE679C}.Debug|x64.Build.0 = Debug|Any CPU
		{0A86509C-39F6-4701-B837-735590DE679C}.Debug|x86.ActiveCfg = Debug|Any CPU
		{0A86509C-39F6-4701-B837-735590DE679C}.Debug|x86.Build.0 = Debug|Any CPU
		{0A86509C-39F6-4701-B837-735590DE679C}.Release|Any CPU.ActiveCfg = Release|Any CPU
		{0A86509C-39F6-4701-B837-735590DE679C}.Release|Any CPU.Build.0 = Release|Any CPU
		{0A86509C-39F6-4701-B837-735590DE679C}.Release|ARM.ActiveCfg = Release|Any CPU
		{0A86509C-39F6-4701-B837-735590DE679C}.Release|ARM.Build.0 = Release|Any CPU
		{0A86509C-39F6-4701-B837-735590DE679C}.Release|x64.ActiveCfg = Release|Any CPU
		{0A86509C-39F6-4701-B837-735590DE679C}.Release|x64.Build.0 = Release|Any CPU
		{0A86509C-39F6-4701-B837-735590DE679C}.Release|x86.ActiveCfg = Release|Any CPU
		{0A86509C-39F6-4701-B837-735590DE679C}.Release|x86.Build.0 = Release|Any CPU
		{C32B463F-9BAF-4260-898F-80647419915D}.Debug|Any CPU.ActiveCfg = Debug|Any CPU
		{C32B463F-9BAF-4260-898F-80647419915D}.Debug|Any CPU.Build.0 = Debug|Any CPU
		{C32B463F-9BAF-4260-898F-80647419915D}.Debug|ARM.ActiveCfg = Debug|Any CPU
		{C32B463F-9BAF-4260-898F-80647419915D}.Debug|ARM.Build.0 = Debug|Any CPU
		{C32B463F-9BAF-4260-898F-80647419915D}.Debug|x64.ActiveCfg = Debug|Any CPU
		{C32B463F-9BAF-4260-898F-80647419915D}.Debug|x64.Build.0 = Debug|Any CPU
		{C32B463F-9BAF-4260-898F-80647419915D}.Debug|x86.ActiveCfg = Debug|Any CPU
		{C32B463F-9BAF-4260-898F-80647419915D}.Debug|x86.Build.0 = Debug|Any CPU
		{C32B463F-9BAF-4260-898F-80647419915D}.Release|Any CPU.ActiveCfg = Release|Any CPU
		{C32B463F-9BAF-4260-898F-80647419915D}.Release|Any CPU.Build.0 = Release|Any CPU
		{C32B463F-9BAF-4260-898F-80647419915D}.Release|ARM.ActiveCfg = Release|Any CPU
		{C32B463F-9BAF-4260-898F-80647419915D}.Release|ARM.Build.0 = Release|Any CPU
		{C32B463F-9BAF-4260-898F-80647419915D}.Release|x64.ActiveCfg = Release|Any CPU
		{C32B463F-9BAF-4260-898F-80647419915D}.Release|x64.Build.0 = Release|Any CPU
		{C32B463F-9BAF-4260-898F-80647419915D}.Release|x86.ActiveCfg = Release|Any CPU
		{C32B463F-9BAF-4260-898F-80647419915D}.Release|x86.Build.0 = Release|Any CPU
	EndGlobalSection
	GlobalSection(SolutionProperties) = preSolution
		HideSolutionNode = FALSE
	EndGlobalSection
	GlobalSection(ExtensibilityGlobals) = postSolution
		SolutionGuid = {3361512E-C628-4161-9458-5CD912F1A774}
	EndGlobalSection
EndGlobal
